
Microsoft Visual Studio Solution File, Format Version 12.00
# Visual Studio Version 17
VisualStudioVersion = 17.14.36705.20
MinimumVisualStudioVersion = 10.0.40219.1
Project("{FAE04EC0-301F-11D3-BF4B-00C04F79EFBC}") = "OnionSharp", "OnionSharp.csproj", "{66772109-C0E4-4BE4-A138-4E31D9E10C59}"
EndProject
Global
	GlobalSection(SolutionConfigurationPlatforms) = preSolution
		Debug|Any CPU = Debug|Any CPU
		Release|Any CPU = Release|Any CPU
	EndGlobalSection
	GlobalSection(ProjectConfigurationPlatforms) = postSolution
		{66772109-C0E4-4BE4-A138-4E31D9E10C59}.Debug|Any CPU.ActiveCfg = Release|Any CPU
		{66772109-C0E4-4BE4-A138-4E31D9E10C59}.Debug|Any CPU.Build.0 = Release|Any CPU
		{66772109-C0E4-4BE4-A138-4E31D9E10C59}.Release|Any CPU.ActiveCfg = Release|Any CPU
		{66772109-C0E4-4BE4-A138-4E31D9E10C59}.Release|Any CPU.Build.0 = Release|Any CPU
	EndGlobalSection
	GlobalSection(SolutionProperties) = preSolution
		HideSolutionNode = FALSE
	EndGlobalSection
	GlobalSection(ExtensibilityGlobals) = postSolution
		SolutionGuid = {3E63F660-5F6B-4EF3-9BCF-C23B1357330A}
	EndGlobalSection
EndGlobal
